// !$*UTF8*$!
{
	archiveVersion = 1;
	classes = {
	};
	objectVersion = 50;
	objects = {

/* Begin PBXBuildFile section */
		912D88D226791C6A00AA3CCF /* TeamRowView.swift in Sources */ = {isa = PBXBuildFile; fileRef = 912D88D126791C6A00AA3CCF /* TeamRowView.swift */; };
		912D88DA267930E100AA3CCF /* Scoreboard.swift in Sources */ = {isa = PBXBuildFile; fileRef = 912D88D9267930E100AA3CCF /* Scoreboard.swift */; };
		912D88DF2679326F00AA3CCF /* DateFormatter.swift in Sources */ = {isa = PBXBuildFile; fileRef = 912D88DE2679326F00AA3CCF /* DateFormatter.swift */; };
		912D88E22679335C00AA3CCF /* ScoreboardDataService.swift in Sources */ = {isa = PBXBuildFile; fileRef = 912D88E12679335C00AA3CCF /* ScoreboardDataService.swift */; };
		912D88E52679379000AA3CCF /* ScoreboardViewModel.swift in Sources */ = {isa = PBXBuildFile; fileRef = 912D88E42679379000AA3CCF /* ScoreboardViewModel.swift */; };
		912D88E82679394100AA3CCF /* ScoreboardView.swift in Sources */ = {isa = PBXBuildFile; fileRef = 912D88E72679394100AA3CCF /* ScoreboardView.swift */; };
		919197B32676CADF006F6A7B /* NBATrackerApp.swift in Sources */ = {isa = PBXBuildFile; fileRef = 919197B22676CADF006F6A7B /* NBATrackerApp.swift */; };
		919197B72676CAE2006F6A7B /* Assets.xcassets in Resources */ = {isa = PBXBuildFile; fileRef = 919197B62676CAE2006F6A7B /* Assets.xcassets */; };
		919197BA2676CAE2006F6A7B /* Preview Assets.xcassets in Resources */ = {isa = PBXBuildFile; fileRef = 919197B92676CAE2006F6A7B /* Preview Assets.xcassets */; };
		919197C82676CB37006F6A7B /* Color.swift in Sources */ = {isa = PBXBuildFile; fileRef = 919197C72676CB37006F6A7B /* Color.swift */; };
		919197CB2676CB46006F6A7B /* NetworkingManager.swift in Sources */ = {isa = PBXBuildFile; fileRef = 919197CA2676CB46006F6A7B /* NetworkingManager.swift */; };
		919197CE2676CB4F006F6A7B /* LocalFileManager.swift in Sources */ = {isa = PBXBuildFile; fileRef = 919197CD2676CB4F006F6A7B /* LocalFileManager.swift */; };
		919197D12676CB6E006F6A7B /* PreviewProvider.swift in Sources */ = {isa = PBXBuildFile; fileRef = 919197D02676CB6E006F6A7B /* PreviewProvider.swift */; };
		919197D72676E239006F6A7B /* Endpoint.swift in Sources */ = {isa = PBXBuildFile; fileRef = 919197D62676E239006F6A7B /* Endpoint.swift */; };
		919197DA2676FE2A006F6A7B /* Player.swift in Sources */ = {isa = PBXBuildFile; fileRef = 919197D92676FE2A006F6A7B /* Player.swift */; };
		919197DD2677021A006F6A7B /* PlayerDetails.swift in Sources */ = {isa = PBXBuildFile; fileRef = 919197DC2677021A006F6A7B /* PlayerDetails.swift */; };
		919197E026770224006F6A7B /* Team.swift in Sources */ = {isa = PBXBuildFile; fileRef = 919197DF26770224006F6A7B /* Team.swift */; };
		9198B179267857B500327C97 /* TeamImageViewModel.swift in Sources */ = {isa = PBXBuildFile; fileRef = 9198B178267857B500327C97 /* TeamImageViewModel.swift */; };
		9198B17D267857C500327C97 /* TeamImageView.swift in Sources */ = {isa = PBXBuildFile; fileRef = 9198B17C267857C500327C97 /* TeamImageView.swift */; };
		9198B18026785A6C00327C97 /* TeamImageService.swift in Sources */ = {isa = PBXBuildFile; fileRef = 9198B17F26785A6C00327C97 /* TeamImageService.swift */; };
		9198B192267864B800327C97 /* TeamDataService.swift in Sources */ = {isa = PBXBuildFile; fileRef = 9198B191267864B800327C97 /* TeamDataService.swift */; };
		91F2C6DC26771C2C0064E3C5 /* PlayerDataService.swift in Sources */ = {isa = PBXBuildFile; fileRef = 91F2C6DB26771C2C0064E3C5 /* PlayerDataService.swift */; };
		91F2C6DF26771C470064E3C5 /* PlayerDetailDataService.swift in Sources */ = {isa = PBXBuildFile; fileRef = 91F2C6DE26771C470064E3C5 /* PlayerDetailDataService.swift */; };
		91F2C6E226771C700064E3C5 /* PlayerImageService.swift in Sources */ = {isa = PBXBuildFile; fileRef = 91F2C6E126771C700064E3C5 /* PlayerImageService.swift */; };
		91F2C6EC26772CFC0064E3C5 /* PlayerImageView.swift in Sources */ = {isa = PBXBuildFile; fileRef = 91F2C6EB26772CFC0064E3C5 /* PlayerImageView.swift */; };
		91F2C6F026772D370064E3C5 /* PlayerImageViewModel.swift in Sources */ = {isa = PBXBuildFile; fileRef = 91F2C6EF26772D370064E3C5 /* PlayerImageViewModel.swift */; };
		91F2C6F326772EBD0064E3C5 /* PlayerRowView.swift in Sources */ = {isa = PBXBuildFile; fileRef = 91F2C6F226772EBD0064E3C5 /* PlayerRowView.swift */; };
		91F2C6F626772FBA0064E3C5 /* SearchLeagueView.swift in Sources */ = {isa = PBXBuildFile; fileRef = 91F2C6F526772FBA0064E3C5 /* SearchLeagueView.swift */; };
		91F2C6F9267730010064E3C5 /* SearchLeagueViewModel.swift in Sources */ = {isa = PBXBuildFile; fileRef = 91F2C6F8267730010064E3C5 /* SearchLeagueViewModel.swift */; };
		91F2C6FC2677310E0064E3C5 /* SearchBarView.swift in Sources */ = {isa = PBXBuildFile; fileRef = 91F2C6FB2677310E0064E3C5 /* SearchBarView.swift */; };
		91F2C6FF267733330064E3C5 /* UIApplication.swift in Sources */ = {isa = PBXBuildFile; fileRef = 91F2C6FE267733330064E3C5 /* UIApplication.swift */; };
/* End PBXBuildFile section */

/* Begin PBXFileReference section */
		912D88D126791C6A00AA3CCF /* TeamRowView.swift */ = {isa = PBXFileReference; lastKnownFileType = sourcecode.swift; path = TeamRowView.swift; sourceTree = "<group>"; };
		912D88D9267930E100AA3CCF /* Scoreboard.swift */ = {isa = PBXFileReference; lastKnownFileType = sourcecode.swift; path = Scoreboard.swift; sourceTree = "<group>"; };
		912D88DE2679326F00AA3CCF /* DateFormatter.swift */ = {isa = PBXFileReference; lastKnownFileType = sourcecode.swift; path = DateFormatter.swift; sourceTree = "<group>"; };
		912D88E12679335C00AA3CCF /* ScoreboardDataService.swift */ = {isa = PBXFileReference; lastKnownFileType = sourcecode.swift; path = ScoreboardDataService.swift; sourceTree = "<group>"; };
		912D88E42679379000AA3CCF /* ScoreboardViewModel.swift */ = {isa = PBXFileReference; lastKnownFileType = sourcecode.swift; path = ScoreboardViewModel.swift; sourceTree = "<group>"; };
		912D88E72679394100AA3CCF /* ScoreboardView.swift */ = {isa = PBXFileReference; lastKnownFileType = sourcecode.swift; path = ScoreboardView.swift; sourceTree = "<group>"; };
		919197AF2676CADF006F6A7B /* NBATracker.app */ = {isa = PBXFileReference; explicitFileType = wrapper.application; includeInIndex = 0; path = NBATracker.app; sourceTree = BUILT_PRODUCTS_DIR; };
		919197B22676CADF006F6A7B /* NBATrackerApp.swift */ = {isa = PBXFileReference; lastKnownFileType = sourcecode.swift; path = NBATrackerApp.swift; sourceTree = "<group>"; };
		919197B62676CAE2006F6A7B /* Assets.xcassets */ = {isa = PBXFileReference; lastKnownFileType = folder.assetcatalog; path = Assets.xcassets; sourceTree = "<group>"; };
		919197B92676CAE2006F6A7B /* Preview Assets.xcassets */ = {isa = PBXFileReference; lastKnownFileType = folder.assetcatalog; path = "Preview Assets.xcassets"; sourceTree = "<group>"; };
		919197BB2676CAE2006F6A7B /* Info.plist */ = {isa = PBXFileReference; lastKnownFileType = text.plist.xml; path = Info.plist; sourceTree = "<group>"; };
		919197C72676CB37006F6A7B /* Color.swift */ = {isa = PBXFileReference; lastKnownFileType = sourcecode.swift; path = Color.swift; sourceTree = "<group>"; };
		919197CA2676CB46006F6A7B /* NetworkingManager.swift */ = {isa = PBXFileReference; lastKnownFileType = sourcecode.swift; path = NetworkingManager.swift; sourceTree = "<group>"; };
		919197CD2676CB4F006F6A7B /* LocalFileManager.swift */ = {isa = PBXFileReference; lastKnownFileType = sourcecode.swift; path = LocalFileManager.swift; sourceTree = "<group>"; };
		919197D02676CB6E006F6A7B /* PreviewProvider.swift */ = {isa = PBXFileReference; lastKnownFileType = sourcecode.swift; path = PreviewProvider.swift; sourceTree = "<group>"; };
		919197D62676E239006F6A7B /* Endpoint.swift */ = {isa = PBXFileReference; lastKnownFileType = sourcecode.swift; path = Endpoint.swift; sourceTree = "<group>"; };
		919197D92676FE2A006F6A7B /* Player.swift */ = {isa = PBXFileReference; lastKnownFileType = sourcecode.swift; path = Player.swift; sourceTree = "<group>"; };
		919197DC2677021A006F6A7B /* PlayerDetails.swift */ = {isa = PBXFileReference; lastKnownFileType = sourcecode.swift; path = PlayerDetails.swift; sourceTree = "<group>"; };
		919197DF26770224006F6A7B /* Team.swift */ = {isa = PBXFileReference; lastKnownFileType = sourcecode.swift; path = Team.swift; sourceTree = "<group>"; };
		9198B178267857B500327C97 /* TeamImageViewModel.swift */ = {isa = PBXFileReference; lastKnownFileType = sourcecode.swift; path = TeamImageViewModel.swift; sourceTree = "<group>"; };
		9198B17C267857C500327C97 /* TeamImageView.swift */ = {isa = PBXFileReference; lastKnownFileType = sourcecode.swift; path = TeamImageView.swift; sourceTree = "<group>"; };
		9198B17F26785A6C00327C97 /* TeamImageService.swift */ = {isa = PBXFileReference; lastKnownFileType = sourcecode.swift; path = TeamImageService.swift; sourceTree = "<group>"; };
		9198B191267864B800327C97 /* TeamDataService.swift */ = {isa = PBXFileReference; lastKnownFileType = sourcecode.swift; path = TeamDataService.swift; sourceTree = "<group>"; };
		91F2C6DB26771C2C0064E3C5 /* PlayerDataService.swift */ = {isa = PBXFileReference; lastKnownFileType = sourcecode.swift; path = PlayerDataService.swift; sourceTree = "<group>"; };
		91F2C6DE26771C470064E3C5 /* PlayerDetailDataService.swift */ = {isa = PBXFileReference; lastKnownFileType = sourcecode.swift; path = PlayerDetailDataService.swift; sourceTree = "<group>"; };
		91F2C6E126771C700064E3C5 /* PlayerImageService.swift */ = {isa = PBXFileReference; lastKnownFileType = sourcecode.swift; path = PlayerImageService.swift; sourceTree = "<group>"; };
		91F2C6EB26772CFC0064E3C5 /* PlayerImageView.swift */ = {isa = PBXFileReference; lastKnownFileType = sourcecode.swift; path = PlayerImageView.swift; sourceTree = "<group>"; };
		91F2C6EF26772D370064E3C5 /* PlayerImageViewModel.swift */ = {isa = PBXFileReference; lastKnownFileType = sourcecode.swift; path = PlayerImageViewModel.swift; sourceTree = "<group>"; };
		91F2C6F226772EBD0064E3C5 /* PlayerRowView.swift */ = {isa = PBXFileReference; lastKnownFileType = sourcecode.swift; path = PlayerRowView.swift; sourceTree = "<group>"; };
		91F2C6F526772FBA0064E3C5 /* SearchLeagueView.swift */ = {isa = PBXFileReference; lastKnownFileType = sourcecode.swift; path = SearchLeagueView.swift; sourceTree = "<group>"; };
		91F2C6F8267730010064E3C5 /* SearchLeagueViewModel.swift */ = {isa = PBXFileReference; lastKnownFileType = sourcecode.swift; path = SearchLeagueViewModel.swift; sourceTree = "<group>"; };
		91F2C6FB2677310E0064E3C5 /* SearchBarView.swift */ = {isa = PBXFileReference; lastKnownFileType = sourcecode.swift; path = SearchBarView.swift; sourceTree = "<group>"; };
		91F2C6FE267733330064E3C5 /* UIApplication.swift */ = {isa = PBXFileReference; lastKnownFileType = sourcecode.swift; path = UIApplication.swift; sourceTree = "<group>"; };
/* End PBXFileReference section */

/* Begin PBXFrameworksBuildPhase section */
		919197AC2676CADF006F6A7B /* Frameworks */ = {
			isa = PBXFrameworksBuildPhase;
			buildActionMask = 2147483647;
			files = (
			);
			runOnlyForDeploymentPostprocessing = 0;
		};
/* End PBXFrameworksBuildPhase section */

/* Begin PBXGroup section */
		912D88D82679309000AA3CCF /* Game */ = {
			isa = PBXGroup;
			children = (
				912D88E12679335C00AA3CCF /* ScoreboardDataService.swift */,
			);
			path = Game;
			sourceTree = "<group>";
		};
		919197A62676CADF006F6A7B = {
			isa = PBXGroup;
			children = (
				919197B12676CADF006F6A7B /* NBATracker */,
				919197B02676CADF006F6A7B /* Products */,
			);
			sourceTree = "<group>";
		};
		919197B02676CADF006F6A7B /* Products */ = {
			isa = PBXGroup;
			children = (
				919197AF2676CADF006F6A7B /* NBATracker.app */,
			);
			name = Products;
			sourceTree = "<group>";
		};
		919197B12676CADF006F6A7B /* NBATracker */ = {
			isa = PBXGroup;
			children = (
				919197C52676CB01006F6A7B /* Utilities */,
				919197C42676CAF9006F6A7B /* Extensions */,
				919197C62676CB07006F6A7B /* Services */,
				919197C32676CAF5006F6A7B /* Models */,
				919197C22676CAEC006F6A7B /* Core */,
				919197B62676CAE2006F6A7B /* Assets.xcassets */,
				919197BB2676CAE2006F6A7B /* Info.plist */,
				919197B82676CAE2006F6A7B /* Preview Content */,
			);
			path = NBATracker;
			sourceTree = "<group>";
		};
		919197B82676CAE2006F6A7B /* Preview Content */ = {
			isa = PBXGroup;
			children = (
				919197B92676CAE2006F6A7B /* Preview Assets.xcassets */,
			);
			path = "Preview Content";
			sourceTree = "<group>";
		};
		919197C22676CAEC006F6A7B /* Core */ = {
			isa = PBXGroup;
			children = (
				919197B22676CADF006F6A7B /* NBATrackerApp.swift */,
				91F2C6E926772CD80064E3C5 /* Components */,
				91F2C6E52677241B0064E3C5 /* SearchLeague */,
				9198B1762678574600327C97 /* Scoreboard */,
			);
			path = Core;
			sourceTree = "<group>";
		};
		919197C32676CAF5006F6A7B /* Models */ = {
			isa = PBXGroup;
			children = (
				919197D92676FE2A006F6A7B /* Player.swift */,
				919197DC2677021A006F6A7B /* PlayerDetails.swift */,
				912D88D9267930E100AA3CCF /* Scoreboard.swift */,
				919197DF26770224006F6A7B /* Team.swift */,
			);
			path = Models;
			sourceTree = "<group>";
		};
		919197C42676CAF9006F6A7B /* Extensions */ = {
			isa = PBXGroup;
			children = (
				919197C72676CB37006F6A7B /* Color.swift */,
				912D88DE2679326F00AA3CCF /* DateFormatter.swift */,
				919197D02676CB6E006F6A7B /* PreviewProvider.swift */,
				91F2C6FE267733330064E3C5 /* UIApplication.swift */,
			);
			path = Extensions;
			sourceTree = "<group>";
		};
		919197C52676CB01006F6A7B /* Utilities */ = {
			isa = PBXGroup;
			children = (
				919197CA2676CB46006F6A7B /* NetworkingManager.swift */,
				919197CD2676CB4F006F6A7B /* LocalFileManager.swift */,
				919197D62676E239006F6A7B /* Endpoint.swift */,
			);
			path = Utilities;
			sourceTree = "<group>";
		};
		919197C62676CB07006F6A7B /* Services */ = {
			isa = PBXGroup;
			children = (
				912D88D82679309000AA3CCF /* Game */,
				9198B194267864C100327C97 /* Player */,
				9198B196267864E000327C97 /* Team */,
			);
			path = Services;
			sourceTree = "<group>";
		};
		9198B1762678574600327C97 /* Scoreboard */ = {
			isa = PBXGroup;
			children = (
				9198B1822678600000327C97 /* ViewModels */,
				9198B1832678600500327C97 /* Views */,
			);
			path = Scoreboard;
			sourceTree = "<group>";
		};
		9198B1772678579100327C97 /* TeamImage */ = {
			isa = PBXGroup;
			children = (
				9198B17C267857C500327C97 /* TeamImageView.swift */,
				9198B178267857B500327C97 /* TeamImageViewModel.swift */,
			);
			path = TeamImage;
			sourceTree = "<group>";
		};
		9198B1822678600000327C97 /* ViewModels */ = {
			isa = PBXGroup;
			children = (
				912D88E42679379000AA3CCF /* ScoreboardViewModel.swift */,
			);
			path = ViewModels;
			sourceTree = "<group>";
		};
		9198B1832678600500327C97 /* Views */ = {
			isa = PBXGroup;
			children = (
				912D88E72679394100AA3CCF /* ScoreboardView.swift */,
			);
			path = Views;
			sourceTree = "<group>";
		};
		9198B194267864C100327C97 /* Player */ = {
			isa = PBXGroup;
			children = (
				91F2C6DB26771C2C0064E3C5 /* PlayerDataService.swift */,
				91F2C6DE26771C470064E3C5 /* PlayerDetailDataService.swift */,
				91F2C6E126771C700064E3C5 /* PlayerImageService.swift */,
			);
			path = Player;
			sourceTree = "<group>";
		};
		9198B196267864E000327C97 /* Team */ = {
			isa = PBXGroup;
			children = (
				9198B191267864B800327C97 /* TeamDataService.swift */,
				9198B17F26785A6C00327C97 /* TeamImageService.swift */,
			);
			path = Team;
			sourceTree = "<group>";
		};
		91F2C6E52677241B0064E3C5 /* SearchLeague */ = {
			isa = PBXGroup;
			children = (
				91F2C6E7267726A80064E3C5 /* ViewModels */,
				91F2C6E6267726A20064E3C5 /* Views */,
			);
			path = SearchLeague;
			sourceTree = "<group>";
		};
		91F2C6E6267726A20064E3C5 /* Views */ = {
			isa = PBXGroup;
			children = (
				91F2C6F526772FBA0064E3C5 /* SearchLeagueView.swift */,
				91F2C6F226772EBD0064E3C5 /* PlayerRowView.swift */,
				912D88D126791C6A00AA3CCF /* TeamRowView.swift */,
			);
			path = Views;
			sourceTree = "<group>";
		};
		91F2C6E7267726A80064E3C5 /* ViewModels */ = {
			isa = PBXGroup;
			children = (
				91F2C6F8267730010064E3C5 /* SearchLeagueViewModel.swift */,
			);
			path = ViewModels;
			sourceTree = "<group>";
		};
		91F2C6E926772CD80064E3C5 /* Components */ = {
			isa = PBXGroup;
			children = (
				9198B1772678579100327C97 /* TeamImage */,
				91F2C6EA26772CDF0064E3C5 /* PlayerImage */,
				91F2C6FB2677310E0064E3C5 /* SearchBarView.swift */,
			);
			path = Components;
			sourceTree = "<group>";
		};
		91F2C6EA26772CDF0064E3C5 /* PlayerImage */ = {
			isa = PBXGroup;
			children = (
				91F2C6EB26772CFC0064E3C5 /* PlayerImageView.swift */,
				91F2C6EF26772D370064E3C5 /* PlayerImageViewModel.swift */,
			);
			path = PlayerImage;
			sourceTree = "<group>";
		};
/* End PBXGroup section */

/* Begin PBXNativeTarget section */
		919197AE2676CADF006F6A7B /* NBATracker */ = {
			isa = PBXNativeTarget;
			buildConfigurationList = 919197BE2676CAE2006F6A7B /* Build configuration list for PBXNativeTarget "NBATracker" */;
			buildPhases = (
				919197AB2676CADF006F6A7B /* Sources */,
				919197AC2676CADF006F6A7B /* Frameworks */,
				919197AD2676CADF006F6A7B /* Resources */,
			);
			buildRules = (
			);
			dependencies = (
			);
			name = NBATracker;
			productName = NBATracker;
			productReference = 919197AF2676CADF006F6A7B /* NBATracker.app */;
			productType = "com.apple.product-type.application";
		};
/* End PBXNativeTarget section */

/* Begin PBXProject section */
		919197A72676CADF006F6A7B /* Project object */ = {
			isa = PBXProject;
			attributes = {
				LastSwiftUpdateCheck = 1240;
				LastUpgradeCheck = 1240;
				TargetAttributes = {
					919197AE2676CADF006F6A7B = {
						CreatedOnToolsVersion = 12.4;
					};
				};
			};
			buildConfigurationList = 919197AA2676CADF006F6A7B /* Build configuration list for PBXProject "NBATracker" */;
			compatibilityVersion = "Xcode 9.3";
			developmentRegion = en;
			hasScannedForEncodings = 0;
			knownRegions = (
				en,
				Base,
			);
			mainGroup = 919197A62676CADF006F6A7B;
			productRefGroup = 919197B02676CADF006F6A7B /* Products */;
			projectDirPath = "";
			projectRoot = "";
			targets = (
				919197AE2676CADF006F6A7B /* NBATracker */,
			);
		};
/* End PBXProject section */

/* Begin PBXResourcesBuildPhase section */
		919197AD2676CADF006F6A7B /* Resources */ = {
			isa = PBXResourcesBuildPhase;
			buildActionMask = 2147483647;
			files = (
				919197BA2676CAE2006F6A7B /* Preview Assets.xcassets in Resources */,
				919197B72676CAE2006F6A7B /* Assets.xcassets in Resources */,
			);
			runOnlyForDeploymentPostprocessing = 0;
		};
/* End PBXResourcesBuildPhase section */

/* Begin PBXSourcesBuildPhase section */
		919197AB2676CADF006F6A7B /* Sources */ = {
			isa = PBXSourcesBuildPhase;
			buildActionMask = 2147483647;
			files = (
				91F2C6DC26771C2C0064E3C5 /* PlayerDataService.swift in Sources */,
				9198B179267857B500327C97 /* TeamImageViewModel.swift in Sources */,
				919197D72676E239006F6A7B /* Endpoint.swift in Sources */,
				919197D12676CB6E006F6A7B /* PreviewProvider.swift in Sources */,
				912D88E52679379000AA3CCF /* ScoreboardViewModel.swift in Sources */,
				912D88DF2679326F00AA3CCF /* DateFormatter.swift in Sources */,
				919197CB2676CB46006F6A7B /* NetworkingManager.swift in Sources */,
				91F2C6E226771C700064E3C5 /* PlayerImageService.swift in Sources */,
				912D88D226791C6A00AA3CCF /* TeamRowView.swift in Sources */,
				919197DA2676FE2A006F6A7B /* Player.swift in Sources */,
				919197CE2676CB4F006F6A7B /* LocalFileManager.swift in Sources */,
				91F2C6FF267733330064E3C5 /* UIApplication.swift in Sources */,
				919197B32676CADF006F6A7B /* NBATrackerApp.swift in Sources */,
				9198B18026785A6C00327C97 /* TeamImageService.swift in Sources */,
				912D88E22679335C00AA3CCF /* ScoreboardDataService.swift in Sources */,
				91F2C6F026772D370064E3C5 /* PlayerImageViewModel.swift in Sources */,
				912D88DA267930E100AA3CCF /* Scoreboard.swift in Sources */,
				91F2C6F626772FBA0064E3C5 /* SearchLeagueView.swift in Sources */,
				91F2C6F9267730010064E3C5 /* SearchLeagueViewModel.swift in Sources */,
				91F2C6FC2677310E0064E3C5 /* SearchBarView.swift in Sources */,
				919197C82676CB37006F6A7B /* Color.swift in Sources */,
				9198B192267864B800327C97 /* TeamDataService.swift in Sources */,
				919197E026770224006F6A7B /* Team.swift in Sources */,
				9198B17D267857C500327C97 /* TeamImageView.swift in Sources */,
				912D88E82679394100AA3CCF /* ScoreboardView.swift in Sources */,
				91F2C6EC26772CFC0064E3C5 /* PlayerImageView.swift in Sources */,
				919197DD2677021A006F6A7B /* PlayerDetails.swift in Sources */,
				91F2C6F326772EBD0064E3C5 /* PlayerRowView.swift in Sources */,
				91F2C6DF26771C470064E3C5 /* PlayerDetailDataService.swift in Sources */,
			);
			runOnlyForDeploymentPostprocessing = 0;
		};
/* End PBXSourcesBuildPhase section */

/* Begin XCBuildConfiguration section */
		919197BC2676CAE2006F6A7B /* Debug */ = {
			isa = XCBuildConfiguration;
			buildSettings = {
				ALWAYS_SEARCH_USER_PATHS = NO;
				CLANG_ANALYZER_NONNULL = YES;
				CLANG_ANALYZER_NUMBER_OBJECT_CONVERSION = YES_AGGRESSIVE;
				CLANG_CXX_LANGUAGE_STANDARD = "gnu++14";
				CLANG_CXX_LIBRARY = "libc++";
				CLANG_ENABLE_MODULES = YES;
				CLANG_ENABLE_OBJC_ARC = YES;
				CLANG_ENABLE_OBJC_WEAK = YES;
				CLANG_WARN_BLOCK_CAPTURE_AUTORELEASING = YES;
				CLANG_WARN_BOOL_CONVERSION = YES;
				CLANG_WARN_COMMA = YES;
				CLANG_WARN_CONSTANT_CONVERSION = YES;
				CLANG_WARN_DEPRECATED_OBJC_IMPLEMENTATIONS = YES;
				CLANG_WARN_DIRECT_OBJC_ISA_USAGE = YES_ERROR;
				CLANG_WARN_DOCUMENTATION_COMMENTS = YES;
				CLANG_WARN_EMPTY_BODY = YES;
				CLANG_WARN_ENUM_CONVERSION = YES;
				CLANG_WARN_INFINITE_RECURSION = YES;
				CLANG_WARN_INT_CONVERSION = YES;
				CLANG_WARN_NON_LITERAL_NULL_CONVERSION = YES;
				CLANG_WARN_OBJC_IMPLICIT_RETAIN_SELF = YES;
				CLANG_WARN_OBJC_LITERAL_CONVERSION = YES;
				CLANG_WARN_OBJC_ROOT_CLASS = YES_ERROR;
				CLANG_WARN_QUOTED_INCLUDE_IN_FRAMEWORK_HEADER = YES;
				CLANG_WARN_RANGE_LOOP_ANALYSIS = YES;
				CLANG_WARN_STRICT_PROTOTYPES = YES;
				CLANG_WARN_SUSPICIOUS_MOVE = YES;
				CLANG_WARN_UNGUARDED_AVAILABILITY = YES_AGGRESSIVE;
				CLANG_WARN_UNREACHABLE_CODE = YES;
				CLANG_WARN__DUPLICATE_METHOD_MATCH = YES;
				COPY_PHASE_STRIP = NO;
				DEBUG_INFORMATION_FORMAT = dwarf;
				ENABLE_STRICT_OBJC_MSGSEND = YES;
				ENABLE_TESTABILITY = YES;
				GCC_C_LANGUAGE_STANDARD = gnu11;
				GCC_DYNAMIC_NO_PIC = NO;
				GCC_NO_COMMON_BLOCKS = YES;
				GCC_OPTIMIZATION_LEVEL = 0;
				GCC_PREPROCESSOR_DEFINITIONS = (
					"DEBUG=1",
					"$(inherited)",
				);
				GCC_WARN_64_TO_32_BIT_CONVERSION = YES;
				GCC_WARN_ABOUT_RETURN_TYPE = YES_ERROR;
				GCC_WARN_UNDECLARED_SELECTOR = YES;
				GCC_WARN_UNINITIALIZED_AUTOS = YES_AGGRESSIVE;
				GCC_WARN_UNUSED_FUNCTION = YES;
				GCC_WARN_UNUSED_VARIABLE = YES;
				IPHONEOS_DEPLOYMENT_TARGET = 14.4;
				MTL_ENABLE_DEBUG_INFO = INCLUDE_SOURCE;
				MTL_FAST_MATH = YES;
				ONLY_ACTIVE_ARCH = YES;
				SDKROOT = iphoneos;
				SWIFT_ACTIVE_COMPILATION_CONDITIONS = DEBUG;
				SWIFT_OPTIMIZATION_LEVEL = "-Onone";
			};
			name = Debug;
		};
		919197BD2676CAE2006F6A7B /* Release */ = {
			isa = XCBuildConfiguration;
			buildSettings = {
				ALWAYS_SEARCH_USER_PATHS = NO;
				CLANG_ANALYZER_NONNULL = YES;
				CLANG_ANALYZER_NUMBER_OBJECT_CONVERSION = YES_AGGRESSIVE;
				CLANG_CXX_LANGUAGE_STANDARD = "gnu++14";
				CLANG_CXX_LIBRARY = "libc++";
				CLANG_ENABLE_MODULES = YES;
				CLANG_ENABLE_OBJC_ARC = YES;
				CLANG_ENABLE_OBJC_WEAK = YES;
				CLANG_WARN_BLOCK_CAPTURE_AUTORELEASING = YES;
				CLANG_WARN_BOOL_CONVERSION = YES;
				CLANG_WARN_COMMA = YES;
				CLANG_WARN_CONSTANT_CONVERSION = YES;
				CLANG_WARN_DEPRECATED_OBJC_IMPLEMENTATIONS = YES;
				CLANG_WARN_DIRECT_OBJC_ISA_USAGE = YES_ERROR;
				CLANG_WARN_DOCUMENTATION_COMMENTS = YES;
				CLANG_WARN_EMPTY_BODY = YES;
				CLANG_WARN_ENUM_CONVERSION = YES;
				CLANG_WARN_INFINITE_RECURSION = YES;
				CLANG_WARN_INT_CONVERSION = YES;
				CLANG_WARN_NON_LITERAL_NULL_CONVERSION = YES;
				CLANG_WARN_OBJC_IMPLICIT_RETAIN_SELF = YES;
				CLANG_WARN_OBJC_LITERAL_CONVERSION = YES;
				CLANG_WARN_OBJC_ROOT_CLASS = YES_ERROR;
				CLANG_WARN_QUOTED_INCLUDE_IN_FRAMEWORK_HEADER = YES;
				CLANG_WARN_RANGE_LOOP_ANALYSIS = YES;
				CLANG_WARN_STRICT_PROTOTYPES = YES;
				CLANG_WARN_SUSPICIOUS_MOVE = YES;
				CLANG_WARN_UNGUARDED_AVAILABILITY = YES_AGGRESSIVE;
				CLANG_WARN_UNREACHABLE_CODE = YES;
				CLANG_WARN__DUPLICATE_METHOD_MATCH = YES;
				COPY_PHASE_STRIP = NO;
				DEBUG_INFORMATION_FORMAT = "dwarf-with-dsym";
				ENABLE_NS_ASSERTIONS = NO;
				ENABLE_STRICT_OBJC_MSGSEND = YES;
				GCC_C_LANGUAGE_STANDARD = gnu11;
				GCC_NO_COMMON_BLOCKS = YES;
				GCC_WARN_64_TO_32_BIT_CONVERSION = YES;
				GCC_WARN_ABOUT_RETURN_TYPE = YES_ERROR;
				GCC_WARN_UNDECLARED_SELECTOR = YES;
				GCC_WARN_UNINITIALIZED_AUTOS = YES_AGGRESSIVE;
				GCC_WARN_UNUSED_FUNCTION = YES;
				GCC_WARN_UNUSED_VARIABLE = YES;
				IPHONEOS_DEPLOYMENT_TARGET = 14.4;
				MTL_ENABLE_DEBUG_INFO = NO;
				MTL_FAST_MATH = YES;
				SDKROOT = iphoneos;
				SWIFT_COMPILATION_MODE = wholemodule;
				SWIFT_OPTIMIZATION_LEVEL = "-O";
				VALIDATE_PRODUCT = YES;
			};
			name = Release;
		};
		919197BF2676CAE2006F6A7B /* Debug */ = {
			isa = XCBuildConfiguration;
			buildSettings = {
				ASSETCATALOG_COMPILER_APPICON_NAME = AppIcon;
				ASSETCATALOG_COMPILER_GLOBAL_ACCENT_COLOR_NAME = AccentColor;
				CODE_SIGN_STYLE = Automatic;
				DEVELOPMENT_ASSET_PATHS = "\"NBATracker/Preview Content\"";
				DEVELOPMENT_TEAM = 5QGY9F3547;
				ENABLE_PREVIEWS = YES;
				INFOPLIST_FILE = NBATracker/Info.plist;
				IPHONEOS_DEPLOYMENT_TARGET = 14.0;
				LD_RUNPATH_SEARCH_PATHS = (
					"$(inherited)",
					"@executable_path/Frameworks",
				);
				PRODUCT_BUNDLE_IDENTIFIER = com.camillebourbonnais.NBATracker;
				PRODUCT_NAME = "$(TARGET_NAME)";
				SWIFT_VERSION = 5.0;
				TARGETED_DEVICE_FAMILY = "1,2";
			};
			name = Debug;
		};
		919197C02676CAE2006F6A7B /* Release */ = {
			isa = XCBuildConfiguration;
			buildSettings = {
				ASSETCATALOG_COMPILER_APPICON_NAME = AppIcon;
				ASSETCATALOG_COMPILER_GLOBAL_ACCENT_COLOR_NAME = AccentColor;
				CODE_SIGN_STYLE = Automatic;
				DEVELOPMENT_ASSET_PATHS = "\"NBATracker/Preview Content\"";
				DEVELOPMENT_TEAM = 5QGY9F3547;
				ENABLE_PREVIEWS = YES;
				INFOPLIST_FILE = NBATracker/Info.plist;
				IPHONEOS_DEPLOYMENT_TARGET = 14.0;
				LD_RUNPATH_SEARCH_PATHS = (
					"$(inherited)",
					"@executable_path/Frameworks",
				);
				PRODUCT_BUNDLE_IDENTIFIER = com.camillebourbonnais.NBATracker;
				PRODUCT_NAME = "$(TARGET_NAME)";
				SWIFT_VERSION = 5.0;
				TARGETED_DEVICE_FAMILY = "1,2";
			};
			name = Release;
		};
/* End XCBuildConfiguration section */

/* Begin XCConfigurationList section */
		919197AA2676CADF006F6A7B /* Build configuration list for PBXProject "NBATracker" */ = {
			isa = XCConfigurationList;
			buildConfigurations = (
				919197BC2676CAE2006F6A7B /* Debug */,
				919197BD2676CAE2006F6A7B /* Release */,
			);
			defaultConfigurationIsVisible = 0;
			defaultConfigurationName = Release;
		};
		919197BE2676CAE2006F6A7B /* Build configuration list for PBXNativeTarget "NBATracker" */ = {
			isa = XCConfigurationList;
			buildConfigurations = (
				919197BF2676CAE2006F6A7B /* Debug */,
				919197C02676CAE2006F6A7B /* Release */,
			);
			defaultConfigurationIsVisible = 0;
			defaultConfigurationName = Release;
		};
/* End XCConfigurationList section */
	};
	rootObject = 919197A72676CADF006F6A7B /* Project object */;
}
